
Microsoft Visual Studio Solution File, Format Version 12.00
# Visual Studio Version 17
VisualStudioVersion = 17.11.35303.130
MinimumVisualStudioVersion = 10.0.40219.1
Project("{FAE04EC0-301F-11D3-BF4B-00C04F79EFBC}") = "NguyenHoangKha_KtraFE", "NguyenHoangKha_KtraFE.csproj", "{10106F0A-7B44-4991-9D74-C9697CEEEEAD}"
EndProject
Global
	GlobalSection(SolutionConfigurationPlatforms) = preSolution
		Debug|Any CPU = Debug|Any CPU
		Release|Any CPU = Release|Any CPU
	EndGlobalSection
	GlobalSection(ProjectConfigurationPlatforms) = postSolution
		{10106F0A-7B44-4991-9D74-C9697CEEEEAD}.Debug|Any CPU.ActiveCfg = Debug|Any CPU
		{10106F0A-7B44-4991-9D74-C9697CEEEEAD}.Debug|Any CPU.Build.0 = Debug|Any CPU
		{10106F0A-7B44-4991-9D74-C9697CEEEEAD}.Release|Any CPU.ActiveCfg = Release|Any CPU
		{10106F0A-7B44-4991-9D74-C9697CEEEEAD}.Release|Any CPU.Build.0 = Release|Any CPU
	EndGlobalSection
	GlobalSection(SolutionProperties) = preSolution
		HideSolutionNode = FALSE
	EndGlobalSection
	GlobalSection(ExtensibilityGlobals) = postSolution
		SolutionGuid = {400ECB9D-F145-4D83-A798-262613EA4696}
	EndGlobalSection
EndGlobal
